
Microsoft Visual Studio Solution File, Format Version 12.00
# Visual Studio Version 16
VisualStudioVersion = 16.0.30204.135
MinimumVisualStudioVersion = 15.0.26124.0
Project("{9A19103F-16F7-4668-BE54-9A1E7A4F7556}") = "Grpc.Server", "Grpc.Server\Grpc.Server.csproj", "{95CC1590-A0BF-4BEE-BE78-A072920AF711}"
EndProject
Project("{9A19103F-16F7-4668-BE54-9A1E7A4F7556}") = "Grpc.Client", "Grpc.Client\Grpc.Client.csproj", "{F5EC3243-8F1A-4410-9AF7-38D8388D0CEF}"
EndProject
Global
	GlobalSection(SolutionConfigurationPlatforms) = preSolution
		Debug|Any CPU = Debug|Any CPU
		Debug|x64 = Debug|x64
		Debug|x86 = Debug|x86
		Release|Any CPU = Release|Any CPU
		Release|x64 = Release|x64
		Release|x86 = Release|x86
	EndGlobalSection
	GlobalSection(ProjectConfigurationPlatforms) = postSolution
		{95CC1590-A0BF-4BEE-BE78-A072920AF711}.Debug|Any CPU.ActiveCfg = Debug|Any CPU
		{95CC1590-A0BF-4BEE-BE78-A072920AF711}.Debug|Any CPU.Build.0 = Debug|Any CPU
		{95CC1590-A0BF-4BEE-BE78-A072920AF711}.Debug|x64.ActiveCfg = Debug|Any CPU
		{95CC1590-A0BF-4BEE-BE78-A072920AF711}.Debug|x64.Build.0 = Debug|Any CPU
		{95CC1590-A0BF-4BEE-BE78-A072920AF711}.Debug|x86.ActiveCfg = Debug|Any CPU
		{95CC1590-A0BF-4BEE-BE78-A072920AF711}.Debug|x86.Build.0 = Debug|Any CPU
		{95CC1590-A0BF-4BEE-BE78-A072920AF711}.Release|Any CPU.ActiveCfg = Release|Any CPU
		{95CC1590-A0BF-4BEE-BE78-A072920AF711}.Release|Any CPU.Build.0 = Release|Any CPU
		{95CC1590-A0BF-4BEE-BE78-A072920AF711}.Release|x64.ActiveCfg = Release|Any CPU
		{95CC1590-A0BF-4BEE-BE78-A072920AF711}.Release|x64.Build.0 = Release|Any CPU
		{95CC1590-A0BF-4BEE-BE78-A072920AF711}.Release|x86.ActiveCfg = Release|Any CPU
		{95CC1590-A0BF-4BEE-BE78-A072920AF711}.Release|x86.Build.0 = Release|Any CPU
		{F5EC3243-8F1A-4410-9AF7-38D8388D0CEF}.Debug|Any CPU.ActiveCfg = Debug|Any CPU
		{F5EC3243-8F1A-4410-9AF7-38D8388D0CEF}.Debug|Any CPU.Build.0 = Debug|Any CPU
		{F5EC3243-8F1A-4410-9AF7-38D8388D0CEF}.Debug|x64.ActiveCfg = Debug|Any CPU
		{F5EC3243-8F1A-4410-9AF7-38D8388D0CEF}.Debug|x64.Build.0 = Debug|Any CPU
		{F5EC3243-8F1A-4410-9AF7-38D8388D0CEF}.Debug|x86.ActiveCfg = Debug|Any CPU
		{F5EC3243-8F1A-4410-9AF7-38D8388D0CEF}.Debug|x86.Build.0 = Debug|Any CPU
		{F5EC3243-8F1A-4410-9AF7-38D8388D0CEF}.Release|Any CPU.ActiveCfg = Release|Any CPU
		{F5EC3243-8F1A-4410-9AF7-38D8388D0CEF}.Release|Any CPU.Build.0 = Release|Any CPU
		{F5EC3243-8F1A-4410-9AF7-38D8388D0CEF}.Release|x64.ActiveCfg = Release|Any CPU
		{F5EC3243-8F1A-4410-9AF7-38D8388D0CEF}.Release|x64.Build.0 = Release|Any CPU
		{F5EC3243-8F1A-4410-9AF7-38D8388D0CEF}.Release|x86.ActiveCfg = Release|Any CPU
		{F5EC3243-8F1A-4410-9AF7-38D8388D0CEF}.Release|x86.Build.0 = Release|Any CPU
	EndGlobalSection
	GlobalSection(SolutionProperties) = preSolution
		HideSolutionNode = FALSE
	EndGlobalSection
	GlobalSection(ExtensibilityGlobals) = postSolution
		SolutionGuid = {C06863E9-A7ED-4E2F-99B7-332B8B00799B}
	EndGlobalSection
EndGlobal
